
Microsoft Visual Studio Solution File, Format Version 12.00
# Visual Studio 15
VisualStudioVersion = 15.0.26730.10
MinimumVisualStudioVersion = 10.0.40219.1
Project("{9A19103F-16F7-4668-BE54-9A1E7A4F7556}") = "MeetMusic", "MeetMusic\MeetMusic.csproj", "{A502D7BC-9707-4068-9A65-8265C8D4362E}"
EndProject
Project("{FAE04EC0-301F-11D3-BF4B-00C04F79EFBC}") = "API", "API\API.csproj", "{CBF84E05-97C0-4D0B-86B5-132440248860}"
EndProject
Global
	GlobalSection(SolutionConfigurationPlatforms) = preSolution
		Debug|Any CPU = Debug|Any CPU
		Release|Any CPU = Release|Any CPU
	EndGlobalSection
	GlobalSection(ProjectConfigurationPlatforms) = postSolution
		{A502D7BC-9707-4068-9A65-8265C8D4362E}.Debug|Any CPU.ActiveCfg = Debug|Any CPU
		{A502D7BC-9707-4068-9A65-8265C8D4362E}.Debug|Any CPU.Build.0 = Debug|Any CPU
		{A502D7BC-9707-4068-9A65-8265C8D4362E}.Release|Any CPU.ActiveCfg = Release|Any CPU
		{A502D7BC-9707-4068-9A65-8265C8D4362E}.Release|Any CPU.Build.0 = Release|Any CPU
		{CBF84E05-97C0-4D0B-86B5-132440248860}.Debug|Any CPU.ActiveCfg = Debug|Any CPU
		{CBF84E05-97C0-4D0B-86B5-132440248860}.Debug|Any CPU.Build.0 = Debug|Any CPU
		{CBF84E05-97C0-4D0B-86B5-132440248860}.Release|Any CPU.ActiveCfg = Release|Any CPU
		{CBF84E05-97C0-4D0B-86B5-132440248860}.Release|Any CPU.Build.0 = Release|Any CPU
	EndGlobalSection
	GlobalSection(SolutionProperties) = preSolution
		HideSolutionNode = FALSE
	EndGlobalSection
	GlobalSection(ExtensibilityGlobals) = postSolution
		SolutionGuid = {3272AC5D-1F78-4B46-9F48-2C252280218F}
	EndGlobalSection
EndGlobal
